
Microsoft Visual Studio Solution File, Format Version 12.00
# Visual Studio Version 17
VisualStudioVersion = 17.8.34322.80
MinimumVisualStudioVersion = 10.0.40219.1
Project("{FAE04EC0-301F-11D3-BF4B-00C04F79EFBC}") = "7. Getting user inputs", "7. Getting user inputs.csproj", "{BC1E77BA-4A2F-487A-A480-487EC41F043B}"
EndProject
Global
	GlobalSection(SolutionConfigurationPlatforms) = preSolution
		Debug|Any CPU = Debug|Any CPU
		Release|Any CPU = Release|Any CPU
	EndGlobalSection
	GlobalSection(ProjectConfigurationPlatforms) = postSolution
		{BC1E77BA-4A2F-487A-A480-487EC41F043B}.Debug|Any CPU.ActiveCfg = Debug|Any CPU
		{BC1E77BA-4A2F-487A-A480-487EC41F043B}.Debug|Any CPU.Build.0 = Debug|Any CPU
		{BC1E77BA-4A2F-487A-A480-487EC41F043B}.Release|Any CPU.ActiveCfg = Release|Any CPU
		{BC1E77BA-4A2F-487A-A480-487EC41F043B}.Release|Any CPU.Build.0 = Release|Any CPU
	EndGlobalSection
	GlobalSection(SolutionProperties) = preSolution
		HideSolutionNode = FALSE
	EndGlobalSection
	GlobalSection(ExtensibilityGlobals) = postSolution
		SolutionGuid = {E521A760-0CD9-49A9-A97B-657D82FE6F57}
	EndGlobalSection
EndGlobal
